
Microsoft Visual Studio Solution File, Format Version 12.00
# Visual Studio 15
VisualStudioVersion = 15.0.26014.0
MinimumVisualStudioVersion = 10.0.40219.1
Project("{2150E333-8FDC-42A3-9474-1A3956D46DE8}") = "src", "src", "{BA7F05C9-CDBC-4E42-8E54-2E806F1FD9DC}"
EndProject
Project("{FAE04EC0-301F-11D3-BF4B-00C04F79EFBC}") = "Microservices_POC_Products_netcore", "src\Microservices_POC_Products_netcore\Microservices_POC_Products_netcore.csproj", "{3C62A6B4-5931-404B-982A-232311B5500B}"
EndProject
Project("{2150E333-8FDC-42A3-9474-1A3956D46DE8}") = "Solution Items", "Solution Items", "{AC17228F-9665-47BB-8807-A514B21DE562}"
	ProjectSection(SolutionItems) = preProject
		docker-compose.ci.build.yml = docker-compose.ci.build.yml
	EndProjectSection
EndProject
Global
	GlobalSection(SolutionConfigurationPlatforms) = preSolution
		Debug|Any CPU = Debug|Any CPU
		Debug|x64 = Debug|x64
		Debug|x86 = Debug|x86
		Release|Any CPU = Release|Any CPU
		Release|x64 = Release|x64
		Release|x86 = Release|x86
	EndGlobalSection
	GlobalSection(ProjectConfigurationPlatforms) = postSolution
		{3C62A6B4-5931-404B-982A-232311B5500B}.Debug|Any CPU.ActiveCfg = Debug|Any CPU
		{3C62A6B4-5931-404B-982A-232311B5500B}.Debug|Any CPU.Build.0 = Debug|Any CPU
		{3C62A6B4-5931-404B-982A-232311B5500B}.Debug|x64.ActiveCfg = Debug|x64
		{3C62A6B4-5931-404B-982A-232311B5500B}.Debug|x64.Build.0 = Debug|x64
		{3C62A6B4-5931-404B-982A-232311B5500B}.Debug|x86.ActiveCfg = Debug|x86
		{3C62A6B4-5931-404B-982A-232311B5500B}.Debug|x86.Build.0 = Debug|x86
		{3C62A6B4-5931-404B-982A-232311B5500B}.Release|Any CPU.ActiveCfg = Release|Any CPU
		{3C62A6B4-5931-404B-982A-232311B5500B}.Release|Any CPU.Build.0 = Release|Any CPU
		{3C62A6B4-5931-404B-982A-232311B5500B}.Release|x64.ActiveCfg = Release|x64
		{3C62A6B4-5931-404B-982A-232311B5500B}.Release|x64.Build.0 = Release|x64
		{3C62A6B4-5931-404B-982A-232311B5500B}.Release|x86.ActiveCfg = Release|x86
		{3C62A6B4-5931-404B-982A-232311B5500B}.Release|x86.Build.0 = Release|x86
	EndGlobalSection
	GlobalSection(SolutionProperties) = preSolution
		HideSolutionNode = FALSE
	EndGlobalSection
	GlobalSection(NestedProjects) = preSolution
		{3C62A6B4-5931-404B-982A-232311B5500B} = {BA7F05C9-CDBC-4E42-8E54-2E806F1FD9DC}
	EndGlobalSection
EndGlobal
